
Microsoft Visual Studio Solution File, Format Version 12.00
# Visual Studio Version 17
VisualStudioVersion = 17.2.32526.322
MinimumVisualStudioVersion = 10.0.40219.1
Project("{FAE04EC0-301F-11D3-BF4B-00C04F79EFBC}") = "LeaveManagementWeb", "LeaveManagementWeb\LeaveManagementWeb.csproj", "{44977370-4AE3-4AE9-B6A4-51B8B093680B}"
EndProject
Global
	GlobalSection(SolutionConfigurationPlatforms) = preSolution
		Debug|Any CPU = Debug|Any CPU
		Release|Any CPU = Release|Any CPU
	EndGlobalSection
	GlobalSection(ProjectConfigurationPlatforms) = postSolution
		{44977370-4AE3-4AE9-B6A4-51B8B093680B}.Debug|Any CPU.ActiveCfg = Debug|Any CPU
		{44977370-4AE3-4AE9-B6A4-51B8B093680B}.Debug|Any CPU.Build.0 = Debug|Any CPU
		{44977370-4AE3-4AE9-B6A4-51B8B093680B}.Release|Any CPU.ActiveCfg = Release|Any CPU
		{44977370-4AE3-4AE9-B6A4-51B8B093680B}.Release|Any CPU.Build.0 = Release|Any CPU
	EndGlobalSection
	GlobalSection(SolutionProperties) = preSolution
		HideSolutionNode = FALSE
	EndGlobalSection
	GlobalSection(ExtensibilityGlobals) = postSolution
		SolutionGuid = {77C0F662-9F5F-4169-BFE5-ACDCC36D43F4}
	EndGlobalSection
EndGlobal
